
Microsoft Visual Studio Solution File, Format Version 12.00
# Visual Studio 2013
VisualStudioVersion = 12.0.21005.1
MinimumVisualStudioVersion = 10.0.40219.1
Project("{888888A0-9F3D-457C-B088-3A5042F75D52}") = "Calculator", "Calculator\Calculator.pyproj", "{9B76BE0F-95BD-4E13-BDDD-F3207712E01E}"
EndProject
Project("{888888A0-9F3D-457C-B088-3A5042F75D52}") = "LibraryApp", "LibraryApp\LibraryApp.pyproj", "{C54C2DF1-D70E-42B6-B592-90E373A0E898}"
EndProject
Project("{888888A0-9F3D-457C-B088-3A5042F75D52}") = "Tester", "Tester\Tester.pyproj", "{99FB5AAC-847A-4D74-878B-FCFDB383B79B}"
EndProject
Project("{FAE04EC0-301F-11D3-BF4B-00C04F79EFBC}") = "Calculator1", "Calculator1\Calculator1.csproj", "{652673D8-5EA3-4DCE-827B-A95FD60A6DF2}"
EndProject
Global
	GlobalSection(SolutionConfigurationPlatforms) = preSolution
		Debug|Any CPU = Debug|Any CPU
		Release|Any CPU = Release|Any CPU
	EndGlobalSection
	GlobalSection(ProjectConfigurationPlatforms) = postSolution
		{9B76BE0F-95BD-4E13-BDDD-F3207712E01E}.Debug|Any CPU.ActiveCfg = Debug|Any CPU
		{9B76BE0F-95BD-4E13-BDDD-F3207712E01E}.Release|Any CPU.ActiveCfg = Release|Any CPU
		{C54C2DF1-D70E-42B6-B592-90E373A0E898}.Debug|Any CPU.ActiveCfg = Debug|Any CPU
		{C54C2DF1-D70E-42B6-B592-90E373A0E898}.Release|Any CPU.ActiveCfg = Release|Any CPU
		{99FB5AAC-847A-4D74-878B-FCFDB383B79B}.Debug|Any CPU.ActiveCfg = Debug|Any CPU
		{99FB5AAC-847A-4D74-878B-FCFDB383B79B}.Release|Any CPU.ActiveCfg = Release|Any CPU
		{652673D8-5EA3-4DCE-827B-A95FD60A6DF2}.Debug|Any CPU.ActiveCfg = Debug|Any CPU
		{652673D8-5EA3-4DCE-827B-A95FD60A6DF2}.Debug|Any CPU.Build.0 = Debug|Any CPU
		{652673D8-5EA3-4DCE-827B-A95FD60A6DF2}.Release|Any CPU.ActiveCfg = Release|Any CPU
		{652673D8-5EA3-4DCE-827B-A95FD60A6DF2}.Release|Any CPU.Build.0 = Release|Any CPU
	EndGlobalSection
	GlobalSection(SolutionProperties) = preSolution
		HideSolutionNode = FALSE
	EndGlobalSection
EndGlobal
